{
  "requires": true,
  "lockfileVersion": 1,
  "dependencies": {
    "mimorelinks": {
      "version": "1.2.1",
      "resolved": "https://registry.npmjs.org/mimorelinks/-/mimorelinks-1.2.1.tgz",
      "integrity": "sha512-VyYItokri/UPDX4cDwsECEspX1SSWao18869Ha6wbvWh7A4+JWHk35A8hD3QKq7L17yincgUBS0O9x5qj4MY1g=="
    }
  }
}
